// !$*UTF8*$!
{
	archiveVersion = 1;
	classes = {
	};
	objectVersion = 46;
	objects = {

/* Begin PBXBuildFile section */
		C90F5D1324C031080011D240 /* AppDelegate.swift in Sources */ = {isa = PBXBuildFile; fileRef = C90F5D1224C031080011D240 /* AppDelegate.swift */; };
		C90F5D1524C031080011D240 /* ViewController.swift in Sources */ = {isa = PBXBuildFile; fileRef = C90F5D1424C031080011D240 /* ViewController.swift */; };
		C90F5D1824C031080011D240 /* Main.storyboard in Resources */ = {isa = PBXBuildFile; fileRef = C90F5D1624C031080011D240 /* Main.storyboard */; };
		C90F5D1A24C031080011D240 /* Assets.xcassets in Resources */ = {isa = PBXBuildFile; fileRef = C90F5D1924C031080011D240 /* Assets.xcassets */; };
		C90F5D1D24C031080011D240 /* LaunchScreen.storyboard in Resources */ = {isa = PBXBuildFile; fileRef = C90F5D1B24C031080011D240 /* LaunchScreen.storyboard */; };
		C90F5D2524C0349E0011D240 /* DetailVC.swift in Sources */ = {isa = PBXBuildFile; fileRef = C90F5D2424C0349E0011D240 /* DetailVC.swift */; };
		C90F5D2724C03C5A0011D240 /* ImageCash.swift in Sources */ = {isa = PBXBuildFile; fileRef = C90F5D2624C03C5A0011D240 /* ImageCash.swift */; };
/* End PBXBuildFile section */

/* Begin PBXFileReference section */
		C90F5D0F24C031080011D240 /* Day5-Album.app */ = {isa = PBXFileReference; explicitFileType = wrapper.application; includeInIndex = 0; path = "Day5-Album.app"; sourceTree = BUILT_PRODUCTS_DIR; };
		C90F5D1224C031080011D240 /* AppDelegate.swift */ = {isa = PBXFileReference; lastKnownFileType = sourcecode.swift; path = AppDelegate.swift; sourceTree = "<group>"; };
		C90F5D1424C031080011D240 /* ViewController.swift */ = {isa = PBXFileReference; lastKnownFileType = sourcecode.swift; path = ViewController.swift; sourceTree = "<group>"; };
		C90F5D1724C031080011D240 /* Base */ = {isa = PBXFileReference; lastKnownFileType = file.storyboard; name = Base; path = Base.lproj/Main.storyboard; sourceTree = "<group>"; };
		C90F5D1924C031080011D240 /* Assets.xcassets */ = {isa = PBXFileReference; lastKnownFileType = folder.assetcatalog; path = Assets.xcassets; sourceTree = "<group>"; };
		C90F5D1C24C031080011D240 /* Base */ = {isa = PBXFileReference; lastKnownFileType = file.storyboard; name = Base; path = Base.lproj/LaunchScreen.storyboard; sourceTree = "<group>"; };
		C90F5D1E24C031080011D240 /* Info.plist */ = {isa = PBXFileReference; lastKnownFileType = text.plist.xml; path = Info.plist; sourceTree = "<group>"; };
		C90F5D2424C0349E0011D240 /* DetailVC.swift */ = {isa = PBXFileReference; fileEncoding = 4; lastKnownFileType = sourcecode.swift; path = DetailVC.swift; sourceTree = "<group>"; };
		C90F5D2624C03C5A0011D240 /* ImageCash.swift */ = {isa = PBXFileReference; fileEncoding = 4; lastKnownFileType = sourcecode.swift; path = ImageCash.swift; sourceTree = "<group>"; };
/* End PBXFileReference section */

/* Begin PBXFrameworksBuildPhase section */
		C90F5D0C24C031080011D240 /* Frameworks */ = {
			isa = PBXFrameworksBuildPhase;
			buildActionMask = 2147483647;
			files = (
			);
			runOnlyForDeploymentPostprocessing = 0;
		};
/* End PBXFrameworksBuildPhase section */

/* Begin PBXGroup section */
		C90F5D0624C031080011D240 = {
			isa = PBXGroup;
			children = (
				C90F5D1124C031080011D240 /* Day5-Album */,
				C90F5D1024C031080011D240 /* Products */,
			);
			sourceTree = "<group>";
		};
		C90F5D1024C031080011D240 /* Products */ = {
			isa = PBXGroup;
			children = (
				C90F5D0F24C031080011D240 /* Day5-Album.app */,
			);
			name = Products;
			sourceTree = "<group>";
		};
		C90F5D1124C031080011D240 /* Day5-Album */ = {
			isa = PBXGroup;
			children = (
				C90F5D1224C031080011D240 /* AppDelegate.swift */,
				C90F5D2424C0349E0011D240 /* DetailVC.swift */,
				C90F5D1424C031080011D240 /* ViewController.swift */,
				C90F5D1624C031080011D240 /* Main.storyboard */,
				C90F5D1924C031080011D240 /* Assets.xcassets */,
				C90F5D1B24C031080011D240 /* LaunchScreen.storyboard */,
				C90F5D1E24C031080011D240 /* Info.plist */,
				C90F5D2624C03C5A0011D240 /* ImageCash.swift */,
			);
			path = "Day5-Album";
			sourceTree = "<group>";
		};
/* End PBXGroup section */

/* Begin PBXNativeTarget section */
		C90F5D0E24C031080011D240 /* Day5-Album */ = {
			isa = PBXNativeTarget;
			buildConfigurationList = C90F5D2124C031080011D240 /* Build configuration list for PBXNativeTarget "Day5-Album" */;
			buildPhases = (
				C90F5D0B24C031080011D240 /* Sources */,
				C90F5D0C24C031080011D240 /* Frameworks */,
				C90F5D0D24C031080011D240 /* Resources */,
			);
			buildRules = (
			);
			dependencies = (
			);
			name = "Day5-Album";
			productName = "Day5-Album";
			productReference = C90F5D0F24C031080011D240 /* Day5-Album.app */;
			productType = "com.apple.product-type.application";
		};
/* End PBXNativeTarget section */

/* Begin PBXProject section */
		C90F5D0724C031080011D240 /* Project object */ = {
			isa = PBXProject;
			attributes = {
				LastSwiftUpdateCheck = 0820;
				LastUpgradeCheck = 0820;
				ORGANIZATIONNAME = "KPU ios app dev";
				TargetAttributes = {
					C90F5D0E24C031080011D240 = {
						CreatedOnToolsVersion = 8.2.1;
						ProvisioningStyle = Automatic;
					};
				};
			};
			buildConfigurationList = C90F5D0A24C031080011D240 /* Build configuration list for PBXProject "Day5-Album" */;
			compatibilityVersion = "Xcode 3.2";
			developmentRegion = English;
			hasScannedForEncodings = 0;
			knownRegions = (
				en,
				Base,
			);
			mainGroup = C90F5D0624C031080011D240;
			productRefGroup = C90F5D1024C031080011D240 /* Products */;
			projectDirPath = "";
			projectRoot = "";
			targets = (
				C90F5D0E24C031080011D240 /* Day5-Album */,
			);
		};
/* End PBXProject section */

/* Begin PBXResourcesBuildPhase section */
		C90F5D0D24C031080011D240 /* Resources */ = {
			isa = PBXResourcesBuildPhase;
			buildActionMask = 2147483647;
			files = (
				C90F5D1D24C031080011D240 /* LaunchScreen.storyboard in Resources */,
				C90F5D1A24C031080011D240 /* Assets.xcassets in Resources */,
				C90F5D1824C031080011D240 /* Main.storyboard in Resources */,
			);
			runOnlyForDeploymentPostprocessing = 0;
		};
/* End PBXResourcesBuildPhase section */

/* Begin PBXSourcesBuildPhase section */
		C90F5D0B24C031080011D240 /* Sources */ = {
			isa = PBXSourcesBuildPhase;
			buildActionMask = 2147483647;
			files = (
				C90F5D2724C03C5A0011D240 /* ImageCash.swift in Sources */,
				C90F5D1524C031080011D240 /* ViewController.swift in Sources */,
				C90F5D1324C031080011D240 /* AppDelegate.swift in Sources */,
				C90F5D2524C0349E0011D240 /* DetailVC.swift in Sources */,
			);
			runOnlyForDeploymentPostprocessing = 0;
		};
/* End PBXSourcesBuildPhase section */

/* Begin PBXVariantGroup section */
		C90F5D1624C031080011D240 /* Main.storyboard */ = {
			isa = PBXVariantGroup;
			children = (
				C90F5D1724C031080011D240 /* Base */,
			);
			name = Main.storyboard;
			sourceTree = "<group>";
		};
		C90F5D1B24C031080011D240 /* LaunchScreen.storyboard */ = {
			isa = PBXVariantGroup;
			children = (
				C90F5D1C24C031080011D240 /* Base */,
			);
			name = LaunchScreen.storyboard;
			sourceTree = "<group>";
		};
/* End PBXVariantGroup section */

/* Begin XCBuildConfiguration section */
		C90F5D1F24C031080011D240 /* Debug */ = {
			isa = XCBuildConfiguration;
			buildSettings = {
				ALWAYS_SEARCH_USER_PATHS = NO;
				CLANG_ANALYZER_NONNULL = YES;
				CLANG_CXX_LANGUAGE_STANDARD = "gnu++0x";
				CLANG_CXX_LIBRARY = "libc++";
				CLANG_ENABLE_MODULES = YES;
				CLANG_ENABLE_OBJC_ARC = YES;
				CLANG_WARN_BOOL_CONVERSION = YES;
				CLANG_WARN_CONSTANT_CONVERSION = YES;
				CLANG_WARN_DIRECT_OBJC_ISA_USAGE = YES_ERROR;
				CLANG_WARN_DOCUMENTATION_COMMENTS = YES;
				CLANG_WARN_EMPTY_BODY = YES;
				CLANG_WARN_ENUM_CONVERSION = YES;
				CLANG_WARN_INFINITE_RECURSION = YES;
				CLANG_WARN_INT_CONVERSION = YES;
				CLANG_WARN_OBJC_ROOT_CLASS = YES_ERROR;
				CLANG_WARN_SUSPICIOUS_MOVE = YES;
				CLANG_WARN_UNREACHABLE_CODE = YES;
				CLANG_WARN__DUPLICATE_METHOD_MATCH = YES;
				"CODE_SIGN_IDENTITY[sdk=iphoneos*]" = "iPhone Developer";
				COPY_PHASE_STRIP = NO;
				DEBUG_INFORMATION_FORMAT = dwarf;
				ENABLE_STRICT_OBJC_MSGSEND = YES;
				ENABLE_TESTABILITY = YES;
				GCC_C_LANGUAGE_STANDARD = gnu99;
				GCC_DYNAMIC_NO_PIC = NO;
				GCC_NO_COMMON_BLOCKS = YES;
				GCC_OPTIMIZATION_LEVEL = 0;
				GCC_PREPROCESSOR_DEFINITIONS = (
					"DEBUG=1",
					"$(inherited)",
				);
				GCC_WARN_64_TO_32_BIT_CONVERSION = YES;
				GCC_WARN_ABOUT_RETURN_TYPE = YES_ERROR;
				GCC_WARN_UNDECLARED_SELECTOR = YES;
				GCC_WARN_UNINITIALIZED_AUTOS = YES_AGGRESSIVE;
				GCC_WARN_UNUSED_FUNCTION = YES;
				GCC_WARN_UNUSED_VARIABLE = YES;
				IPHONEOS_DEPLOYMENT_TARGET = 10.2;
				MTL_ENABLE_DEBUG_INFO = YES;
				ONLY_ACTIVE_ARCH = YES;
				SDKROOT = iphoneos;
				SWIFT_ACTIVE_COMPILATION_CONDITIONS = DEBUG;
				SWIFT_OPTIMIZATION_LEVEL = "-Onone";
			};
			name = Debug;
		};
		C90F5D2024C031080011D240 /* Release */ = {
			isa = XCBuildConfiguration;
			buildSettings = {
				ALWAYS_SEARCH_USER_PATHS = NO;
				CLANG_ANALYZER_NONNULL = YES;
				CLANG_CXX_LANGUAGE_STANDARD = "gnu++0x";
				CLANG_CXX_LIBRARY = "libc++";
				CLANG_ENABLE_MODULES = YES;
				CLANG_ENABLE_OBJC_ARC = YES;
				CLANG_WARN_BOOL_CONVERSION = YES;
				CLANG_WARN_CONSTANT_CONVERSION = YES;
				CLANG_WARN_DIRECT_OBJC_ISA_USAGE = YES_ERROR;
				CLANG_WARN_DOCUMENTATION_COMMENTS = YES;
				CLANG_WARN_EMPTY_BODY = YES;
				CLANG_WARN_ENUM_CONVERSION = YES;
				CLANG_WARN_INFINITE_RECURSION = YES;
				CLANG_WARN_INT_CONVERSION = YES;
				CLANG_WARN_OBJC_ROOT_CLASS = YES_ERROR;
				CLANG_WARN_SUSPICIOUS_MOVE = YES;
				CLANG_WARN_UNREACHABLE_CODE = YES;
				CLANG_WARN__DUPLICATE_METHOD_MATCH = YES;
				"CODE_SIGN_IDENTITY[sdk=iphoneos*]" = "iPhone Developer";
				COPY_PHASE_STRIP = NO;
				DEBUG_INFORMATION_FORMAT = "dwarf-with-dsym";
				ENABLE_NS_ASSERTIONS = NO;
				ENABLE_STRICT_OBJC_MSGSEND = YES;
				GCC_C_LANGUAGE_STANDARD = gnu99;
				GCC_NO_COMMON_BLOCKS = YES;
				GCC_WARN_64_TO_32_BIT_CONVERSION = YES;
				GCC_WARN_ABOUT_RETURN_TYPE = YES_ERROR;
				GCC_WARN_UNDECLARED_SELECTOR = YES;
				GCC_WARN_UNINITIALIZED_AUTOS = YES_AGGRESSIVE;
				GCC_WARN_UNUSED_FUNCTION = YES;
				GCC_WARN_UNUSED_VARIABLE = YES;
				IPHONEOS_DEPLOYMENT_TARGET = 10.2;
				MTL_ENABLE_DEBUG_INFO = NO;
				SDKROOT = iphoneos;
				SWIFT_OPTIMIZATION_LEVEL = "-Owholemodule";
				VALIDATE_PRODUCT = YES;
			};
			name = Release;
		};
		C90F5D2224C031080011D240 /* Debug */ = {
			isa = XCBuildConfiguration;
			buildSettings = {
				ASSETCATALOG_COMPILER_APPICON_NAME = AppIcon;
				INFOPLIST_FILE = "Day5-Album/Info.plist";
				LD_RUNPATH_SEARCH_PATHS = "$(inherited) @executable_path/Frameworks";
				PRODUCT_BUNDLE_IDENTIFIER = "ac.kr.kpu.iosapp.2016156033.Day5-Album";
				PRODUCT_NAME = "$(TARGET_NAME)";
				SWIFT_VERSION = 3.0;
			};
			name = Debug;
		};
		C90F5D2324C031080011D240 /* Release */ = {
			isa = XCBuildConfiguration;
			buildSettings = {
				ASSETCATALOG_COMPILER_APPICON_NAME = AppIcon;
				INFOPLIST_FILE = "Day5-Album/Info.plist";
				LD_RUNPATH_SEARCH_PATHS = "$(inherited) @executable_path/Frameworks";
				PRODUCT_BUNDLE_IDENTIFIER = "ac.kr.kpu.iosapp.2016156033.Day5-Album";
				PRODUCT_NAME = "$(TARGET_NAME)";
				SWIFT_VERSION = 3.0;
			};
			name = Release;
		};
/* End XCBuildConfiguration section */

/* Begin XCConfigurationList section */
		C90F5D0A24C031080011D240 /* Build configuration list for PBXProject "Day5-Album" */ = {
			isa = XCConfigurationList;
			buildConfigurations = (
				C90F5D1F24C031080011D240 /* Debug */,
				C90F5D2024C031080011D240 /* Release */,
			);
			defaultConfigurationIsVisible = 0;
			defaultConfigurationName = Release;
		};
		C90F5D2124C031080011D240 /* Build configuration list for PBXNativeTarget "Day5-Album" */ = {
			isa = XCConfigurationList;
			buildConfigurations = (
				C90F5D2224C031080011D240 /* Debug */,
				C90F5D2324C031080011D240 /* Release */,
			);
			defaultConfigurationIsVisible = 0;
			defaultConfigurationName = Release;
		};
/* End XCConfigurationList section */
	};
	rootObject = C90F5D0724C031080011D240 /* Project object */;
}
