// !$*UTF8*$!
{
	archiveVersion = 1;
	classes = {
	};
	objectVersion = 46;
	objects = {

/* Begin PBXBuildFile section */
		C9592E5F24BEA514008BE835 /* AppDelegate.swift in Sources */ = {isa = PBXBuildFile; fileRef = C9592E5E24BEA514008BE835 /* AppDelegate.swift */; };
		C9592E6124BEA514008BE835 /* ViewController.swift in Sources */ = {isa = PBXBuildFile; fileRef = C9592E6024BEA514008BE835 /* ViewController.swift */; };
		C9592E6424BEA514008BE835 /* Main.storyboard in Resources */ = {isa = PBXBuildFile; fileRef = C9592E6224BEA514008BE835 /* Main.storyboard */; };
		C9592E6624BEA514008BE835 /* Assets.xcassets in Resources */ = {isa = PBXBuildFile; fileRef = C9592E6524BEA514008BE835 /* Assets.xcassets */; };
		C9592E6924BEA514008BE835 /* LaunchScreen.storyboard in Resources */ = {isa = PBXBuildFile; fileRef = C9592E6724BEA514008BE835 /* LaunchScreen.storyboard */; };
/* End PBXBuildFile section */

/* Begin PBXFileReference section */
		C9592E5B24BEA514008BE835 /* Day3-Slider.app */ = {isa = PBXFileReference; explicitFileType = wrapper.application; includeInIndex = 0; path = "Day3-Slider.app"; sourceTree = BUILT_PRODUCTS_DIR; };
		C9592E5E24BEA514008BE835 /* AppDelegate.swift */ = {isa = PBXFileReference; lastKnownFileType = sourcecode.swift; path = AppDelegate.swift; sourceTree = "<group>"; };
		C9592E6024BEA514008BE835 /* ViewController.swift */ = {isa = PBXFileReference; lastKnownFileType = sourcecode.swift; path = ViewController.swift; sourceTree = "<group>"; };
		C9592E6324BEA514008BE835 /* Base */ = {isa = PBXFileReference; lastKnownFileType = file.storyboard; name = Base; path = Base.lproj/Main.storyboard; sourceTree = "<group>"; };
		C9592E6524BEA514008BE835 /* Assets.xcassets */ = {isa = PBXFileReference; lastKnownFileType = folder.assetcatalog; path = Assets.xcassets; sourceTree = "<group>"; };
		C9592E6824BEA514008BE835 /* Base */ = {isa = PBXFileReference; lastKnownFileType = file.storyboard; name = Base; path = Base.lproj/LaunchScreen.storyboard; sourceTree = "<group>"; };
		C9592E6A24BEA514008BE835 /* Info.plist */ = {isa = PBXFileReference; lastKnownFileType = text.plist.xml; path = Info.plist; sourceTree = "<group>"; };
/* End PBXFileReference section */

/* Begin PBXFrameworksBuildPhase section */
		C9592E5824BEA514008BE835 /* Frameworks */ = {
			isa = PBXFrameworksBuildPhase;
			buildActionMask = 2147483647;
			files = (
			);
			runOnlyForDeploymentPostprocessing = 0;
		};
/* End PBXFrameworksBuildPhase section */

/* Begin PBXGroup section */
		C9592E5224BEA514008BE835 = {
			isa = PBXGroup;
			children = (
				C9592E5D24BEA514008BE835 /* Day3-Slider */,
				C9592E5C24BEA514008BE835 /* Products */,
			);
			sourceTree = "<group>";
		};
		C9592E5C24BEA514008BE835 /* Products */ = {
			isa = PBXGroup;
			children = (
				C9592E5B24BEA514008BE835 /* Day3-Slider.app */,
			);
			name = Products;
			sourceTree = "<group>";
		};
		C9592E5D24BEA514008BE835 /* Day3-Slider */ = {
			isa = PBXGroup;
			children = (
				C9592E5E24BEA514008BE835 /* AppDelegate.swift */,
				C9592E6024BEA514008BE835 /* ViewController.swift */,
				C9592E6224BEA514008BE835 /* Main.storyboard */,
				C9592E6524BEA514008BE835 /* Assets.xcassets */,
				C9592E6724BEA514008BE835 /* LaunchScreen.storyboard */,
				C9592E6A24BEA514008BE835 /* Info.plist */,
			);
			path = "Day3-Slider";
			sourceTree = "<group>";
		};
/* End PBXGroup section */

/* Begin PBXNativeTarget section */
		C9592E5A24BEA514008BE835 /* Day3-Slider */ = {
			isa = PBXNativeTarget;
			buildConfigurationList = C9592E6D24BEA514008BE835 /* Build configuration list for PBXNativeTarget "Day3-Slider" */;
			buildPhases = (
				C9592E5724BEA514008BE835 /* Sources */,
				C9592E5824BEA514008BE835 /* Frameworks */,
				C9592E5924BEA514008BE835 /* Resources */,
			);
			buildRules = (
			);
			dependencies = (
			);
			name = "Day3-Slider";
			productName = "Day3-Slider";
			productReference = C9592E5B24BEA514008BE835 /* Day3-Slider.app */;
			productType = "com.apple.product-type.application";
		};
/* End PBXNativeTarget section */

/* Begin PBXProject section */
		C9592E5324BEA514008BE835 /* Project object */ = {
			isa = PBXProject;
			attributes = {
				LastSwiftUpdateCheck = 0820;
				LastUpgradeCheck = 0820;
				ORGANIZATIONNAME = "KPU ios app dev";
				TargetAttributes = {
					C9592E5A24BEA514008BE835 = {
						CreatedOnToolsVersion = 8.2.1;
						ProvisioningStyle = Automatic;
					};
				};
			};
			buildConfigurationList = C9592E5624BEA514008BE835 /* Build configuration list for PBXProject "Day3-Slider" */;
			compatibilityVersion = "Xcode 3.2";
			developmentRegion = English;
			hasScannedForEncodings = 0;
			knownRegions = (
				en,
				Base,
			);
			mainGroup = C9592E5224BEA514008BE835;
			productRefGroup = C9592E5C24BEA514008BE835 /* Products */;
			projectDirPath = "";
			projectRoot = "";
			targets = (
				C9592E5A24BEA514008BE835 /* Day3-Slider */,
			);
		};
/* End PBXProject section */

/* Begin PBXResourcesBuildPhase section */
		C9592E5924BEA514008BE835 /* Resources */ = {
			isa = PBXResourcesBuildPhase;
			buildActionMask = 2147483647;
			files = (
				C9592E6924BEA514008BE835 /* LaunchScreen.storyboard in Resources */,
				C9592E6624BEA514008BE835 /* Assets.xcassets in Resources */,
				C9592E6424BEA514008BE835 /* Main.storyboard in Resources */,
			);
			runOnlyForDeploymentPostprocessing = 0;
		};
/* End PBXResourcesBuildPhase section */

/* Begin PBXSourcesBuildPhase section */
		C9592E5724BEA514008BE835 /* Sources */ = {
			isa = PBXSourcesBuildPhase;
			buildActionMask = 2147483647;
			files = (
				C9592E6124BEA514008BE835 /* ViewController.swift in Sources */,
				C9592E5F24BEA514008BE835 /* AppDelegate.swift in Sources */,
			);
			runOnlyForDeploymentPostprocessing = 0;
		};
/* End PBXSourcesBuildPhase section */

/* Begin PBXVariantGroup section */
		C9592E6224BEA514008BE835 /* Main.storyboard */ = {
			isa = PBXVariantGroup;
			children = (
				C9592E6324BEA514008BE835 /* Base */,
			);
			name = Main.storyboard;
			sourceTree = "<group>";
		};
		C9592E6724BEA514008BE835 /* LaunchScreen.storyboard */ = {
			isa = PBXVariantGroup;
			children = (
				C9592E6824BEA514008BE835 /* Base */,
			);
			name = LaunchScreen.storyboard;
			sourceTree = "<group>";
		};
/* End PBXVariantGroup section */

/* Begin XCBuildConfiguration section */
		C9592E6B24BEA514008BE835 /* Debug */ = {
			isa = XCBuildConfiguration;
			buildSettings = {
				ALWAYS_SEARCH_USER_PATHS = NO;
				CLANG_ANALYZER_NONNULL = YES;
				CLANG_CXX_LANGUAGE_STANDARD = "gnu++0x";
				CLANG_CXX_LIBRARY = "libc++";
				CLANG_ENABLE_MODULES = YES;
				CLANG_ENABLE_OBJC_ARC = YES;
				CLANG_WARN_BOOL_CONVERSION = YES;
				CLANG_WARN_CONSTANT_CONVERSION = YES;
				CLANG_WARN_DIRECT_OBJC_ISA_USAGE = YES_ERROR;
				CLANG_WARN_DOCUMENTATION_COMMENTS = YES;
				CLANG_WARN_EMPTY_BODY = YES;
				CLANG_WARN_ENUM_CONVERSION = YES;
				CLANG_WARN_INFINITE_RECURSION = YES;
				CLANG_WARN_INT_CONVERSION = YES;
				CLANG_WARN_OBJC_ROOT_CLASS = YES_ERROR;
				CLANG_WARN_SUSPICIOUS_MOVE = YES;
				CLANG_WARN_UNREACHABLE_CODE = YES;
				CLANG_WARN__DUPLICATE_METHOD_MATCH = YES;
				"CODE_SIGN_IDENTITY[sdk=iphoneos*]" = "iPhone Developer";
				COPY_PHASE_STRIP = NO;
				DEBUG_INFORMATION_FORMAT = dwarf;
				ENABLE_STRICT_OBJC_MSGSEND = YES;
				ENABLE_TESTABILITY = YES;
				GCC_C_LANGUAGE_STANDARD = gnu99;
				GCC_DYNAMIC_NO_PIC = NO;
				GCC_NO_COMMON_BLOCKS = YES;
				GCC_OPTIMIZATION_LEVEL = 0;
				GCC_PREPROCESSOR_DEFINITIONS = (
					"DEBUG=1",
					"$(inherited)",
				);
				GCC_WARN_64_TO_32_BIT_CONVERSION = YES;
				GCC_WARN_ABOUT_RETURN_TYPE = YES_ERROR;
				GCC_WARN_UNDECLARED_SELECTOR = YES;
				GCC_WARN_UNINITIALIZED_AUTOS = YES_AGGRESSIVE;
				GCC_WARN_UNUSED_FUNCTION = YES;
				GCC_WARN_UNUSED_VARIABLE = YES;
				IPHONEOS_DEPLOYMENT_TARGET = 10.2;
				MTL_ENABLE_DEBUG_INFO = YES;
				ONLY_ACTIVE_ARCH = YES;
				SDKROOT = iphoneos;
				SWIFT_ACTIVE_COMPILATION_CONDITIONS = DEBUG;
				SWIFT_OPTIMIZATION_LEVEL = "-Onone";
			};
			name = Debug;
		};
		C9592E6C24BEA514008BE835 /* Release */ = {
			isa = XCBuildConfiguration;
			buildSettings = {
				ALWAYS_SEARCH_USER_PATHS = NO;
				CLANG_ANALYZER_NONNULL = YES;
				CLANG_CXX_LANGUAGE_STANDARD = "gnu++0x";
				CLANG_CXX_LIBRARY = "libc++";
				CLANG_ENABLE_MODULES = YES;
				CLANG_ENABLE_OBJC_ARC = YES;
				CLANG_WARN_BOOL_CONVERSION = YES;
				CLANG_WARN_CONSTANT_CONVERSION = YES;
				CLANG_WARN_DIRECT_OBJC_ISA_USAGE = YES_ERROR;
				CLANG_WARN_DOCUMENTATION_COMMENTS = YES;
				CLANG_WARN_EMPTY_BODY = YES;
				CLANG_WARN_ENUM_CONVERSION = YES;
				CLANG_WARN_INFINITE_RECURSION = YES;
				CLANG_WARN_INT_CONVERSION = YES;
				CLANG_WARN_OBJC_ROOT_CLASS = YES_ERROR;
				CLANG_WARN_SUSPICIOUS_MOVE = YES;
				CLANG_WARN_UNREACHABLE_CODE = YES;
				CLANG_WARN__DUPLICATE_METHOD_MATCH = YES;
				"CODE_SIGN_IDENTITY[sdk=iphoneos*]" = "iPhone Developer";
				COPY_PHASE_STRIP = NO;
				DEBUG_INFORMATION_FORMAT = "dwarf-with-dsym";
				ENABLE_NS_ASSERTIONS = NO;
				ENABLE_STRICT_OBJC_MSGSEND = YES;
				GCC_C_LANGUAGE_STANDARD = gnu99;
				GCC_NO_COMMON_BLOCKS = YES;
				GCC_WARN_64_TO_32_BIT_CONVERSION = YES;
				GCC_WARN_ABOUT_RETURN_TYPE = YES_ERROR;
				GCC_WARN_UNDECLARED_SELECTOR = YES;
				GCC_WARN_UNINITIALIZED_AUTOS = YES_AGGRESSIVE;
				GCC_WARN_UNUSED_FUNCTION = YES;
				GCC_WARN_UNUSED_VARIABLE = YES;
				IPHONEOS_DEPLOYMENT_TARGET = 10.2;
				MTL_ENABLE_DEBUG_INFO = NO;
				SDKROOT = iphoneos;
				SWIFT_OPTIMIZATION_LEVEL = "-Owholemodule";
				VALIDATE_PRODUCT = YES;
			};
			name = Release;
		};
		C9592E6E24BEA514008BE835 /* Debug */ = {
			isa = XCBuildConfiguration;
			buildSettings = {
				ASSETCATALOG_COMPILER_APPICON_NAME = AppIcon;
				INFOPLIST_FILE = "Day3-Slider/Info.plist";
				LD_RUNPATH_SEARCH_PATHS = "$(inherited) @executable_path/Frameworks";
				PRODUCT_BUNDLE_IDENTIFIER = "ac.kr.kpu.iosapp.2016156033.Day3-Slider";
				PRODUCT_NAME = "$(TARGET_NAME)";
				SWIFT_VERSION = 3.0;
			};
			name = Debug;
		};
		C9592E6F24BEA514008BE835 /* Release */ = {
			isa = XCBuildConfiguration;
			buildSettings = {
				ASSETCATALOG_COMPILER_APPICON_NAME = AppIcon;
				INFOPLIST_FILE = "Day3-Slider/Info.plist";
				LD_RUNPATH_SEARCH_PATHS = "$(inherited) @executable_path/Frameworks";
				PRODUCT_BUNDLE_IDENTIFIER = "ac.kr.kpu.iosapp.2016156033.Day3-Slider";
				PRODUCT_NAME = "$(TARGET_NAME)";
				SWIFT_VERSION = 3.0;
			};
			name = Release;
		};
/* End XCBuildConfiguration section */

/* Begin XCConfigurationList section */
		C9592E5624BEA514008BE835 /* Build configuration list for PBXProject "Day3-Slider" */ = {
			isa = XCConfigurationList;
			buildConfigurations = (
				C9592E6B24BEA514008BE835 /* Debug */,
				C9592E6C24BEA514008BE835 /* Release */,
			);
			defaultConfigurationIsVisible = 0;
			defaultConfigurationName = Release;
		};
		C9592E6D24BEA514008BE835 /* Build configuration list for PBXNativeTarget "Day3-Slider" */ = {
			isa = XCConfigurationList;
			buildConfigurations = (
				C9592E6E24BEA514008BE835 /* Debug */,
				C9592E6F24BEA514008BE835 /* Release */,
			);
			defaultConfigurationIsVisible = 0;
		};
/* End XCConfigurationList section */
	};
	rootObject = C9592E5324BEA514008BE835 /* Project object */;
}
